# This file is autogenerated, do not edit; changes may be undone by the next 'dep ensure'.


[[projects]]
  branch = "master"
  name = "github.com/aws/aws-sdk-go"
  packages = ["aws","aws/awserr","aws/awsutil","aws/client","aws/client/metadata","aws/corehandlers","aws/credentials","aws/credentials/ec2rolecreds","aws/credentials/endpointcreds","aws/credentials/stscreds","aws/defaults","aws/ec2metadata","aws/request","aws/session","aws/signer/v4","private/endpoints","private/protocol","private/protocol/json/jsonutil","private/protocol/jsonrpc","private/protocol/query","private/protocol/query/queryutil","private/protocol/rest","private/protocol/xml/xmlutil","private/waiter","service/dynamodb","service/dynamodb/dynamodbattribute","service/sts"]
  revision = "32cdc88aa5cd2ba4afa049da884aaf9a3d103ef4"

[[projects]]
  branch = "master"
  name = "github.com/dollarshaveclub/jobmanager"
  packages = ["."]
  revision = "30f37910657c7b0d6703628c37adb1ddf4e6d74e"

[[projects]]
  branch = "master"
  name = "github.com/go-ini/ini"
  packages = ["."]
  revision = "afbd495e5aaea13597b5e14fe514ddeaa4d76fc3"

[[projects]]
  branch = "master"
  name = "github.com/hashicorp/errwrap"
  packages = ["."]
  revision = "7554cd9344cec97297fa6649b055a8c98c2a1e55"

[[projects]]
  branch = "master"
  name = "github.com/hashicorp/go-multierror"
  packages = ["."]
  revision = "d30f09973e19c1dfcd120b2d9c4f168e68d6b5d5"

[[projects]]
  branch = "master"
  name = "github.com/jmespath/go-jmespath"
  packages = ["."]
  revision = "c01cf91b011868172fdcd9f41838e80c9d716264"

[solve-meta]
  analyzer-name = "dep"
  analyzer-version = 1
  inputs-digest = "f0279258fbbbb745b3cbb5962ca264ea1e8365286d51ce8adaf133ceb6fecb8b"
  solver-name = "gps-cdcl"
  solver-version = 1
